
Microsoft Visual Studio Solution File, Format Version 12.00
# Visual Studio 15
VisualStudioVersion = 15.0.28307.645
MinimumVisualStudioVersion = 10.0.40219.1
Project("{8BC9CEB8-8B4A-11D0-8D11-00A0C91BC942}") = "SS_Emulator", "SS_Emulator\SS_Emulator.vcxproj", "{28650ED1-8D9C-4588-B2B3-695B3B11A60D}"
EndProject
Global
	GlobalSection(SolutionConfigurationPlatforms) = preSolution
		Debug|x64 = Debug|x64
		Debug|x86 = Debug|x86
		Release|x64 = Release|x64
		Release|x86 = Release|x86
	EndGlobalSection
	GlobalSection(ProjectConfigurationPlatforms) = postSolution
		{28650ED1-8D9C-4588-B2B3-695B3B11A60D}.Debug|x64.ActiveCfg = Debug|x64
		{28650ED1-8D9C-4588-B2B3-695B3B11A60D}.Debug|x64.Build.0 = Debug|x64
		{28650ED1-8D9C-4588-B2B3-695B3B11A60D}.Debug|x86.ActiveCfg = Debug|Win32
		{28650ED1-8D9C-4588-B2B3-695B3B11A60D}.Debug|x86.Build.0 = Debug|Win32
		{28650ED1-8D9C-4588-B2B3-695B3B11A60D}.Release|x64.ActiveCfg = Release|x64
		{28650ED1-8D9C-4588-B2B3-695B3B11A60D}.Release|x64.Build.0 = Release|x64
		{28650ED1-8D9C-4588-B2B3-695B3B11A60D}.Release|x86.ActiveCfg = Release|Win32
		{28650ED1-8D9C-4588-B2B3-695B3B11A60D}.Release|x86.Build.0 = Release|Win32
	EndGlobalSection
	GlobalSection(SolutionProperties) = preSolution
		HideSolutionNode = FALSE
	EndGlobalSection
	GlobalSection(ExtensibilityGlobals) = postSolution
		SolutionGuid = {FFA7EDE3-6169-4C8E-A550-940A5A2CEB99}
	EndGlobalSection
EndGlobal
